// !$*UTF8*$!
{
	archiveVersion = 1;
	classes = {
	};
	objectVersion = 50;
	objects = {

/* Begin PBXBuildFile section */
		9A607A9D221122AF00D0F710 /* doodleViewController.swift in Sources */ = {isa = PBXBuildFile; fileRef = 9A607A9C221122AF00D0F710 /* doodleViewController.swift */; };
		9A78988321E76CBD00ED27E1 /* AppDelegate.swift in Sources */ = {isa = PBXBuildFile; fileRef = 9A78988221E76CBD00ED27E1 /* AppDelegate.swift */; };
		9A78988521E76CBD00ED27E1 /* art.scnassets in Resources */ = {isa = PBXBuildFile; fileRef = 9A78988421E76CBD00ED27E1 /* art.scnassets */; };
		9A78988721E76CBD00ED27E1 /* ViewController.swift in Sources */ = {isa = PBXBuildFile; fileRef = 9A78988621E76CBD00ED27E1 /* ViewController.swift */; };
		9A78988A21E76CBD00ED27E1 /* Main.storyboard in Resources */ = {isa = PBXBuildFile; fileRef = 9A78988821E76CBD00ED27E1 /* Main.storyboard */; };
		9A78988C21E76CBF00ED27E1 /* Assets.xcassets in Resources */ = {isa = PBXBuildFile; fileRef = 9A78988B21E76CBF00ED27E1 /* Assets.xcassets */; };
		9A78988F21E76CBF00ED27E1 /* LaunchScreen.storyboard in Resources */ = {isa = PBXBuildFile; fileRef = 9A78988D21E76CBF00ED27E1 /* LaunchScreen.storyboard */; };
		9A78989A21E76CBF00ED27E1 /* ARkit_EmperorUITests.swift in Sources */ = {isa = PBXBuildFile; fileRef = 9A78989921E76CBF00ED27E1 /* ARkit_EmperorUITests.swift */; };
		9A7898A521E7728600ED27E1 /* basics.storyboard in Resources */ = {isa = PBXBuildFile; fileRef = 9A7898A421E7728600ED27E1 /* basics.storyboard */; };
		9A7898A721E772C700ED27E1 /* basicsViewController.swift in Sources */ = {isa = PBXBuildFile; fileRef = 9A7898A621E772C700ED27E1 /* basicsViewController.swift */; };
		9A7898EF21E84FB600ED27E1 /* doodle.storyboard in Resources */ = {isa = PBXBuildFile; fileRef = 9A7898EE21E84FB600ED27E1 /* doodle.storyboard */; };
		9AB06A4A22137C360093AC80 /* MemoViewController.swift in Sources */ = {isa = PBXBuildFile; fileRef = 9AB06A4922137C360093AC80 /* MemoViewController.swift */; };
		9AB06A4C22137C4A0093AC80 /* Memo.storyboard in Resources */ = {isa = PBXBuildFile; fileRef = 9AB06A4B22137C4A0093AC80 /* Memo.storyboard */; };
		9AF0E677221251A5009D5188 /* DoodleViewController.swift in Sources */ = {isa = PBXBuildFile; fileRef = 9AF0E676221251A5009D5188 /* DoodleViewController.swift */; };
/* End PBXBuildFile section */

/* Begin PBXContainerItemProxy section */
		9A78989621E76CBF00ED27E1 /* PBXContainerItemProxy */ = {
			isa = PBXContainerItemProxy;
			containerPortal = 9A78987721E76CBD00ED27E1 /* Project object */;
			proxyType = 1;
			remoteGlobalIDString = 9A78987E21E76CBD00ED27E1;
			remoteInfo = "ARkit-Emperor";
		};
/* End PBXContainerItemProxy section */

/* Begin PBXFileReference section */
		9A607A9C221122AF00D0F710 /* doodleViewController.swift */ = {isa = PBXFileReference; lastKnownFileType = sourcecode.swift; path = doodleViewController.swift; sourceTree = "<group>"; };
		9A78987F21E76CBD00ED27E1 /* ARkit-Emperor.app */ = {isa = PBXFileReference; explicitFileType = wrapper.application; includeInIndex = 0; path = "ARkit-Emperor.app"; sourceTree = BUILT_PRODUCTS_DIR; };
		9A78988221E76CBD00ED27E1 /* AppDelegate.swift */ = {isa = PBXFileReference; lastKnownFileType = sourcecode.swift; path = AppDelegate.swift; sourceTree = "<group>"; };
		9A78988421E76CBD00ED27E1 /* art.scnassets */ = {isa = PBXFileReference; lastKnownFileType = wrapper.scnassets; path = art.scnassets; sourceTree = "<group>"; };
		9A78988621E76CBD00ED27E1 /* ViewController.swift */ = {isa = PBXFileReference; lastKnownFileType = sourcecode.swift; path = ViewController.swift; sourceTree = "<group>"; };
		9A78988921E76CBD00ED27E1 /* Base */ = {isa = PBXFileReference; lastKnownFileType = file.storyboard; name = Base; path = Base.lproj/Main.storyboard; sourceTree = "<group>"; };
		9A78988B21E76CBF00ED27E1 /* Assets.xcassets */ = {isa = PBXFileReference; lastKnownFileType = folder.assetcatalog; path = Assets.xcassets; sourceTree = "<group>"; };
		9A78988E21E76CBF00ED27E1 /* Base */ = {isa = PBXFileReference; lastKnownFileType = file.storyboard; name = Base; path = Base.lproj/LaunchScreen.storyboard; sourceTree = "<group>"; };
		9A78989021E76CBF00ED27E1 /* Info.plist */ = {isa = PBXFileReference; lastKnownFileType = text.plist.xml; path = Info.plist; sourceTree = "<group>"; };
		9A78989521E76CBF00ED27E1 /* ARkit-EmperorUITests.xctest */ = {isa = PBXFileReference; explicitFileType = wrapper.cfbundle; includeInIndex = 0; path = "ARkit-EmperorUITests.xctest"; sourceTree = BUILT_PRODUCTS_DIR; };
		9A78989921E76CBF00ED27E1 /* ARkit_EmperorUITests.swift */ = {isa = PBXFileReference; lastKnownFileType = sourcecode.swift; path = ARkit_EmperorUITests.swift; sourceTree = "<group>"; };
		9A78989B21E76CBF00ED27E1 /* Info.plist */ = {isa = PBXFileReference; lastKnownFileType = text.plist.xml; path = Info.plist; sourceTree = "<group>"; };
		9A7898A421E7728600ED27E1 /* basics.storyboard */ = {isa = PBXFileReference; lastKnownFileType = file.storyboard; path = basics.storyboard; sourceTree = "<group>"; };
		9A7898A621E772C700ED27E1 /* basicsViewController.swift */ = {isa = PBXFileReference; lastKnownFileType = sourcecode.swift; path = basicsViewController.swift; sourceTree = "<group>"; };
		9A7898EE21E84FB600ED27E1 /* doodle.storyboard */ = {isa = PBXFileReference; lastKnownFileType = file.storyboard; path = doodle.storyboard; sourceTree = "<group>"; };
		9AB06A4922137C360093AC80 /* MemoViewController.swift */ = {isa = PBXFileReference; lastKnownFileType = sourcecode.swift; path = MemoViewController.swift; sourceTree = "<group>"; };
		9AB06A4B22137C4A0093AC80 /* Memo.storyboard */ = {isa = PBXFileReference; lastKnownFileType = file.storyboard; path = Memo.storyboard; sourceTree = "<group>"; };
		9AF0E676221251A5009D5188 /* DoodleViewController.swift */ = {isa = PBXFileReference; lastKnownFileType = sourcecode.swift; name = DoodleViewController.swift; path = "ARkit-Emperor/DoodleViewController.swift"; sourceTree = SOURCE_ROOT; };
/* End PBXFileReference section */

/* Begin PBXFrameworksBuildPhase section */
		9A78987C21E76CBD00ED27E1 /* Frameworks */ = {
			isa = PBXFrameworksBuildPhase;
			buildActionMask = 2147483647;
			files = (
			);
			runOnlyForDeploymentPostprocessing = 0;
		};
		9A78989221E76CBF00ED27E1 /* Frameworks */ = {
			isa = PBXFrameworksBuildPhase;
			buildActionMask = 2147483647;
			files = (
			);
			runOnlyForDeploymentPostprocessing = 0;
		};
/* End PBXFrameworksBuildPhase section */

/* Begin PBXGroup section */
		9A607A992211224100D0F710 /* Doodle */ = {
			isa = PBXGroup;
			children = (
				9A7898EE21E84FB600ED27E1 /* doodle.storyboard */,
				9AF0E676221251A5009D5188 /* DoodleViewController.swift */,
				9A607A9C221122AF00D0F710 /* doodleViewController.swift */,
			);
			path = Doodle;
			sourceTree = "<group>";
		};
		9A78987621E76CBD00ED27E1 = {
			isa = PBXGroup;
			children = (
				9A78988121E76CBD00ED27E1 /* ARkit-Emperor */,
				9A78989821E76CBF00ED27E1 /* ARkit-EmperorUITests */,
				9A78988021E76CBD00ED27E1 /* Products */,
			);
			sourceTree = "<group>";
		};
		9A78988021E76CBD00ED27E1 /* Products */ = {
			isa = PBXGroup;
			children = (
				9A78987F21E76CBD00ED27E1 /* ARkit-Emperor.app */,
				9A78989521E76CBF00ED27E1 /* ARkit-EmperorUITests.xctest */,
			);
			name = Products;
			sourceTree = "<group>";
		};
		9A78988121E76CBD00ED27E1 /* ARkit-Emperor */ = {
			isa = PBXGroup;
			children = (
				9AB06A4822137C210093AC80 /* Memo */,
				9A78988221E76CBD00ED27E1 /* AppDelegate.swift */,
				9A78988421E76CBD00ED27E1 /* art.scnassets */,
				9A78988621E76CBD00ED27E1 /* ViewController.swift */,
				9A78988821E76CBD00ED27E1 /* Main.storyboard */,
				9A78988B21E76CBF00ED27E1 /* Assets.xcassets */,
				9A78988D21E76CBF00ED27E1 /* LaunchScreen.storyboard */,
				9A78989021E76CBF00ED27E1 /* Info.plist */,
				9A7898A421E7728600ED27E1 /* basics.storyboard */,
				9A7898A621E772C700ED27E1 /* basicsViewController.swift */,
				9A607A992211224100D0F710 /* Doodle */,
			);
			path = "ARkit-Emperor";
			sourceTree = "<group>";
		};
		9A78989821E76CBF00ED27E1 /* ARkit-EmperorUITests */ = {
			isa = PBXGroup;
			children = (
				9A78989921E76CBF00ED27E1 /* ARkit_EmperorUITests.swift */,
				9A78989B21E76CBF00ED27E1 /* Info.plist */,
			);
			path = "ARkit-EmperorUITests";
			sourceTree = "<group>";
		};
		9AB06A4822137C210093AC80 /* Memo */ = {
			isa = PBXGroup;
			children = (
				9AB06A4922137C360093AC80 /* MemoViewController.swift */,
				9AB06A4B22137C4A0093AC80 /* Memo.storyboard */,
			);
			path = Memo;
			sourceTree = "<group>";
		};
/* End PBXGroup section */

/* Begin PBXNativeTarget section */
		9A78987E21E76CBD00ED27E1 /* ARkit-Emperor */ = {
			isa = PBXNativeTarget;
			buildConfigurationList = 9A78989E21E76CBF00ED27E1 /* Build configuration list for PBXNativeTarget "ARkit-Emperor" */;
			buildPhases = (
				9A78987B21E76CBD00ED27E1 /* Sources */,
				9A78987C21E76CBD00ED27E1 /* Frameworks */,
				9A78987D21E76CBD00ED27E1 /* Resources */,
			);
			buildRules = (
			);
			dependencies = (
			);
			name = "ARkit-Emperor";
			productName = "ARkit-Emperor";
			productReference = 9A78987F21E76CBD00ED27E1 /* ARkit-Emperor.app */;
			productType = "com.apple.product-type.application";
		};
		9A78989421E76CBF00ED27E1 /* ARkit-EmperorUITests */ = {
			isa = PBXNativeTarget;
			buildConfigurationList = 9A7898A121E76CBF00ED27E1 /* Build configuration list for PBXNativeTarget "ARkit-EmperorUITests" */;
			buildPhases = (
				9A78989121E76CBF00ED27E1 /* Sources */,
				9A78989221E76CBF00ED27E1 /* Frameworks */,
				9A78989321E76CBF00ED27E1 /* Resources */,
			);
			buildRules = (
			);
			dependencies = (
				9A78989721E76CBF00ED27E1 /* PBXTargetDependency */,
			);
			name = "ARkit-EmperorUITests";
			productName = "ARkit-EmperorUITests";
			productReference = 9A78989521E76CBF00ED27E1 /* ARkit-EmperorUITests.xctest */;
			productType = "com.apple.product-type.bundle.ui-testing";
		};
/* End PBXNativeTarget section */

/* Begin PBXProject section */
		9A78987721E76CBD00ED27E1 /* Project object */ = {
			isa = PBXProject;
			attributes = {
				LastSwiftUpdateCheck = 1010;
				LastUpgradeCheck = 1010;
				ORGANIZATIONNAME = "Ren Matsushita";
				TargetAttributes = {
					9A78987E21E76CBD00ED27E1 = {
						CreatedOnToolsVersion = 10.1;
					};
					9A78989421E76CBF00ED27E1 = {
						CreatedOnToolsVersion = 10.1;
						TestTargetID = 9A78987E21E76CBD00ED27E1;
					};
				};
			};
			buildConfigurationList = 9A78987A21E76CBD00ED27E1 /* Build configuration list for PBXProject "ARkit-Emperor" */;
			compatibilityVersion = "Xcode 9.3";
			developmentRegion = en;
			hasScannedForEncodings = 0;
			knownRegions = (
				en,
				Base,
			);
			mainGroup = 9A78987621E76CBD00ED27E1;
			productRefGroup = 9A78988021E76CBD00ED27E1 /* Products */;
			projectDirPath = "";
			projectRoot = "";
			targets = (
				9A78987E21E76CBD00ED27E1 /* ARkit-Emperor */,
				9A78989421E76CBF00ED27E1 /* ARkit-EmperorUITests */,
			);
		};
/* End PBXProject section */

/* Begin PBXResourcesBuildPhase section */
		9A78987D21E76CBD00ED27E1 /* Resources */ = {
			isa = PBXResourcesBuildPhase;
			buildActionMask = 2147483647;
			files = (
				9A7898A521E7728600ED27E1 /* basics.storyboard in Resources */,
				9AB06A4C22137C4A0093AC80 /* Memo.storyboard in Resources */,
				9A78988521E76CBD00ED27E1 /* art.scnassets in Resources */,
				9A78988F21E76CBF00ED27E1 /* LaunchScreen.storyboard in Resources */,
				9A78988C21E76CBF00ED27E1 /* Assets.xcassets in Resources */,
				9A78988A21E76CBD00ED27E1 /* Main.storyboard in Resources */,
				9A7898EF21E84FB600ED27E1 /* doodle.storyboard in Resources */,
			);
			runOnlyForDeploymentPostprocessing = 0;
		};
		9A78989321E76CBF00ED27E1 /* Resources */ = {
			isa = PBXResourcesBuildPhase;
			buildActionMask = 2147483647;
			files = (
			);
			runOnlyForDeploymentPostprocessing = 0;
		};
/* End PBXResourcesBuildPhase section */

/* Begin PBXSourcesBuildPhase section */
		9A78987B21E76CBD00ED27E1 /* Sources */ = {
			isa = PBXSourcesBuildPhase;
			buildActionMask = 2147483647;
			files = (
				9A607A9D221122AF00D0F710 /* doodleViewController.swift in Sources */,
				9A78988721E76CBD00ED27E1 /* ViewController.swift in Sources */,
				9AB06A4A22137C360093AC80 /* MemoViewController.swift in Sources */,
				9A7898A721E772C700ED27E1 /* basicsViewController.swift in Sources */,
				9A78988321E76CBD00ED27E1 /* AppDelegate.swift in Sources */,
				9AF0E677221251A5009D5188 /* DoodleViewController.swift in Sources */,
			);
			runOnlyForDeploymentPostprocessing = 0;
		};
		9A78989121E76CBF00ED27E1 /* Sources */ = {
			isa = PBXSourcesBuildPhase;
			buildActionMask = 2147483647;
			files = (
				9A78989A21E76CBF00ED27E1 /* ARkit_EmperorUITests.swift in Sources */,
			);
			runOnlyForDeploymentPostprocessing = 0;
		};
/* End PBXSourcesBuildPhase section */

/* Begin PBXTargetDependency section */
		9A78989721E76CBF00ED27E1 /* PBXTargetDependency */ = {
			isa = PBXTargetDependency;
			target = 9A78987E21E76CBD00ED27E1 /* ARkit-Emperor */;
			targetProxy = 9A78989621E76CBF00ED27E1 /* PBXContainerItemProxy */;
		};
/* End PBXTargetDependency section */

/* Begin PBXVariantGroup section */
		9A78988821E76CBD00ED27E1 /* Main.storyboard */ = {
			isa = PBXVariantGroup;
			children = (
				9A78988921E76CBD00ED27E1 /* Base */,
			);
			name = Main.storyboard;
			sourceTree = "<group>";
		};
		9A78988D21E76CBF00ED27E1 /* LaunchScreen.storyboard */ = {
			isa = PBXVariantGroup;
			children = (
				9A78988E21E76CBF00ED27E1 /* Base */,
			);
			name = LaunchScreen.storyboard;
			sourceTree = "<group>";
		};
/* End PBXVariantGroup section */

/* Begin XCBuildConfiguration section */
		9A78989C21E76CBF00ED27E1 /* Debug */ = {
			isa = XCBuildConfiguration;
			buildSettings = {
				ALWAYS_SEARCH_USER_PATHS = NO;
				CLANG_ANALYZER_NONNULL = YES;
				CLANG_ANALYZER_NUMBER_OBJECT_CONVERSION = YES_AGGRESSIVE;
				CLANG_CXX_LANGUAGE_STANDARD = "gnu++14";
				CLANG_CXX_LIBRARY = "libc++";
				CLANG_ENABLE_MODULES = YES;
				CLANG_ENABLE_OBJC_ARC = YES;
				CLANG_ENABLE_OBJC_WEAK = YES;
				CLANG_WARN_BLOCK_CAPTURE_AUTORELEASING = YES;
				CLANG_WARN_BOOL_CONVERSION = YES;
				CLANG_WARN_COMMA = YES;
				CLANG_WARN_CONSTANT_CONVERSION = YES;
				CLANG_WARN_DEPRECATED_OBJC_IMPLEMENTATIONS = YES;
				CLANG_WARN_DIRECT_OBJC_ISA_USAGE = YES_ERROR;
				CLANG_WARN_DOCUMENTATION_COMMENTS = YES;
				CLANG_WARN_EMPTY_BODY = YES;
				CLANG_WARN_ENUM_CONVERSION = YES;
				CLANG_WARN_INFINITE_RECURSION = YES;
				CLANG_WARN_INT_CONVERSION = YES;
				CLANG_WARN_NON_LITERAL_NULL_CONVERSION = YES;
				CLANG_WARN_OBJC_IMPLICIT_RETAIN_SELF = YES;
				CLANG_WARN_OBJC_LITERAL_CONVERSION = YES;
				CLANG_WARN_OBJC_ROOT_CLASS = YES_ERROR;
				CLANG_WARN_RANGE_LOOP_ANALYSIS = YES;
				CLANG_WARN_STRICT_PROTOTYPES = YES;
				CLANG_WARN_SUSPICIOUS_MOVE = YES;
				CLANG_WARN_UNGUARDED_AVAILABILITY = YES_AGGRESSIVE;
				CLANG_WARN_UNREACHABLE_CODE = YES;
				CLANG_WARN__DUPLICATE_METHOD_MATCH = YES;
				CODE_SIGN_IDENTITY = "iPhone Developer";
				COPY_PHASE_STRIP = NO;
				DEBUG_INFORMATION_FORMAT = dwarf;
				ENABLE_STRICT_OBJC_MSGSEND = YES;
				ENABLE_TESTABILITY = YES;
				GCC_C_LANGUAGE_STANDARD = gnu11;
				GCC_DYNAMIC_NO_PIC = NO;
				GCC_NO_COMMON_BLOCKS = YES;
				GCC_OPTIMIZATION_LEVEL = 0;
				GCC_PREPROCESSOR_DEFINITIONS = (
					"DEBUG=1",
					"$(inherited)",
				);
				GCC_WARN_64_TO_32_BIT_CONVERSION = YES;
				GCC_WARN_ABOUT_RETURN_TYPE = YES_ERROR;
				GCC_WARN_UNDECLARED_SELECTOR = YES;
				GCC_WARN_UNINITIALIZED_AUTOS = YES_AGGRESSIVE;
				GCC_WARN_UNUSED_FUNCTION = YES;
				GCC_WARN_UNUSED_VARIABLE = YES;
				IPHONEOS_DEPLOYMENT_TARGET = 12.1;
				MTL_ENABLE_DEBUG_INFO = INCLUDE_SOURCE;
				MTL_FAST_MATH = YES;
				ONLY_ACTIVE_ARCH = YES;
				SDKROOT = iphoneos;
				SWIFT_ACTIVE_COMPILATION_CONDITIONS = DEBUG;
				SWIFT_OPTIMIZATION_LEVEL = "-Onone";
			};
			name = Debug;
		};
		9A78989D21E76CBF00ED27E1 /* Release */ = {
			isa = XCBuildConfiguration;
			buildSettings = {
				ALWAYS_SEARCH_USER_PATHS = NO;
				CLANG_ANALYZER_NONNULL = YES;
				CLANG_ANALYZER_NUMBER_OBJECT_CONVERSION = YES_AGGRESSIVE;
				CLANG_CXX_LANGUAGE_STANDARD = "gnu++14";
				CLANG_CXX_LIBRARY = "libc++";
				CLANG_ENABLE_MODULES = YES;
				CLANG_ENABLE_OBJC_ARC = YES;
				CLANG_ENABLE_OBJC_WEAK = YES;
				CLANG_WARN_BLOCK_CAPTURE_AUTORELEASING = YES;
				CLANG_WARN_BOOL_CONVERSION = YES;
				CLANG_WARN_COMMA = YES;
				CLANG_WARN_CONSTANT_CONVERSION = YES;
				CLANG_WARN_DEPRECATED_OBJC_IMPLEMENTATIONS = YES;
				CLANG_WARN_DIRECT_OBJC_ISA_USAGE = YES_ERROR;
				CLANG_WARN_DOCUMENTATION_COMMENTS = YES;
				CLANG_WARN_EMPTY_BODY = YES;
				CLANG_WARN_ENUM_CONVERSION = YES;
				CLANG_WARN_INFINITE_RECURSION = YES;
				CLANG_WARN_INT_CONVERSION = YES;
				CLANG_WARN_NON_LITERAL_NULL_CONVERSION = YES;
				CLANG_WARN_OBJC_IMPLICIT_RETAIN_SELF = YES;
				CLANG_WARN_OBJC_LITERAL_CONVERSION = YES;
				CLANG_WARN_OBJC_ROOT_CLASS = YES_ERROR;
				CLANG_WARN_RANGE_LOOP_ANALYSIS = YES;
				CLANG_WARN_STRICT_PROTOTYPES = YES;
				CLANG_WARN_SUSPICIOUS_MOVE = YES;
				CLANG_WARN_UNGUARDED_AVAILABILITY = YES_AGGRESSIVE;
				CLANG_WARN_UNREACHABLE_CODE = YES;
				CLANG_WARN__DUPLICATE_METHOD_MATCH = YES;
				CODE_SIGN_IDENTITY = "iPhone Developer";
				COPY_PHASE_STRIP = NO;
				DEBUG_INFORMATION_FORMAT = "dwarf-with-dsym";
				ENABLE_NS_ASSERTIONS = NO;
				ENABLE_STRICT_OBJC_MSGSEND = YES;
				GCC_C_LANGUAGE_STANDARD = gnu11;
				GCC_NO_COMMON_BLOCKS = YES;
				GCC_WARN_64_TO_32_BIT_CONVERSION = YES;
				GCC_WARN_ABOUT_RETURN_TYPE = YES_ERROR;
				GCC_WARN_UNDECLARED_SELECTOR = YES;
				GCC_WARN_UNINITIALIZED_AUTOS = YES_AGGRESSIVE;
				GCC_WARN_UNUSED_FUNCTION = YES;
				GCC_WARN_UNUSED_VARIABLE = YES;
				IPHONEOS_DEPLOYMENT_TARGET = 12.1;
				MTL_ENABLE_DEBUG_INFO = NO;
				MTL_FAST_MATH = YES;
				SDKROOT = iphoneos;
				SWIFT_COMPILATION_MODE = wholemodule;
				SWIFT_OPTIMIZATION_LEVEL = "-O";
				VALIDATE_PRODUCT = YES;
			};
			name = Release;
		};
		9A78989F21E76CBF00ED27E1 /* Debug */ = {
			isa = XCBuildConfiguration;
			buildSettings = {
				ASSETCATALOG_COMPILER_APPICON_NAME = AppIcon;
				CODE_SIGN_STYLE = Automatic;
				DEVELOPMENT_TEAM = K3WSFBFNGQ;
				INFOPLIST_FILE = "ARkit-Emperor/Info.plist";
				LD_RUNPATH_SEARCH_PATHS = (
					"$(inherited)",
					"@executable_path/Frameworks",
				);
				PRODUCT_BUNDLE_IDENTIFIER = "com.aaa.ARkit-Emperor";
				PRODUCT_NAME = "$(TARGET_NAME)";
				SWIFT_VERSION = 4.2;
				TARGETED_DEVICE_FAMILY = "1,2";
			};
			name = Debug;
		};
		9A7898A021E76CBF00ED27E1 /* Release */ = {
			isa = XCBuildConfiguration;
			buildSettings = {
				ASSETCATALOG_COMPILER_APPICON_NAME = AppIcon;
				CODE_SIGN_STYLE = Automatic;
				DEVELOPMENT_TEAM = K3WSFBFNGQ;
				INFOPLIST_FILE = "ARkit-Emperor/Info.plist";
				LD_RUNPATH_SEARCH_PATHS = (
					"$(inherited)",
					"@executable_path/Frameworks",
				);
				PRODUCT_BUNDLE_IDENTIFIER = "com.aaa.ARkit-Emperor";
				PRODUCT_NAME = "$(TARGET_NAME)";
				SWIFT_VERSION = 4.2;
				TARGETED_DEVICE_FAMILY = "1,2";
			};
			name = Release;
		};
		9A7898A221E76CBF00ED27E1 /* Debug */ = {
			isa = XCBuildConfiguration;
			buildSettings = {
				ALWAYS_EMBED_SWIFT_STANDARD_LIBRARIES = YES;
				CODE_SIGN_STYLE = Automatic;
				DEVELOPMENT_TEAM = 65BYKJ4KHA;
				INFOPLIST_FILE = "ARkit-EmperorUITests/Info.plist";
				LD_RUNPATH_SEARCH_PATHS = (
					"$(inherited)",
					"@executable_path/Frameworks",
					"@loader_path/Frameworks",
				);
				PRODUCT_BUNDLE_IDENTIFIER = "com.aaa.ARkit-EmperorUITests";
				PRODUCT_NAME = "$(TARGET_NAME)";
				SWIFT_VERSION = 4.2;
				TARGETED_DEVICE_FAMILY = "1,2";
				TEST_TARGET_NAME = "ARkit-Emperor";
			};
			name = Debug;
		};
		9A7898A321E76CBF00ED27E1 /* Release */ = {
			isa = XCBuildConfiguration;
			buildSettings = {
				ALWAYS_EMBED_SWIFT_STANDARD_LIBRARIES = YES;
				CODE_SIGN_STYLE = Automatic;
				DEVELOPMENT_TEAM = 65BYKJ4KHA;
				INFOPLIST_FILE = "ARkit-EmperorUITests/Info.plist";
				LD_RUNPATH_SEARCH_PATHS = (
					"$(inherited)",
					"@executable_path/Frameworks",
					"@loader_path/Frameworks",
				);
				PRODUCT_BUNDLE_IDENTIFIER = "com.aaa.ARkit-EmperorUITests";
				PRODUCT_NAME = "$(TARGET_NAME)";
				SWIFT_VERSION = 4.2;
				TARGETED_DEVICE_FAMILY = "1,2";
				TEST_TARGET_NAME = "ARkit-Emperor";
			};
			name = Release;
		};
/* End XCBuildConfiguration section */

/* Begin XCConfigurationList section */
		9A78987A21E76CBD00ED27E1 /* Build configuration list for PBXProject "ARkit-Emperor" */ = {
			isa = XCConfigurationList;
			buildConfigurations = (
				9A78989C21E76CBF00ED27E1 /* Debug */,
				9A78989D21E76CBF00ED27E1 /* Release */,
			);
			defaultConfigurationIsVisible = 0;
			defaultConfigurationName = Release;
		};
		9A78989E21E76CBF00ED27E1 /* Build configuration list for PBXNativeTarget "ARkit-Emperor" */ = {
			isa = XCConfigurationList;
			buildConfigurations = (
				9A78989F21E76CBF00ED27E1 /* Debug */,
				9A7898A021E76CBF00ED27E1 /* Release */,
			);
			defaultConfigurationIsVisible = 0;
			defaultConfigurationName = Release;
		};
		9A7898A121E76CBF00ED27E1 /* Build configuration list for PBXNativeTarget "ARkit-EmperorUITests" */ = {
			isa = XCConfigurationList;
			buildConfigurations = (
				9A7898A221E76CBF00ED27E1 /* Debug */,
				9A7898A321E76CBF00ED27E1 /* Release */,
			);
			defaultConfigurationIsVisible = 0;
			defaultConfigurationName = Release;
		};
/* End XCConfigurationList section */
	};
	rootObject = 9A78987721E76CBD00ED27E1 /* Project object */;
}
